lockfileVersion: '9.0'

settings:
  autoInstallPeers: true
  excludeLinksFromLockfile: false

importers:

  .:
    dependencies:
      '@supabase/ssr':
        specifier: latest
        version: 0.12.4(@supabase/supabase-js@2.111.0)
      '@supabase/supabase-js':
        specifier: latest
        version: 2.111.0
      '@waffo/pancake-ts':
        specifier: latest
        version: 0.16.1
      ky:
        specifier: latest
        version: 2.0.2
      lucide-react:
        specifier: latest
        version: 1.28.0(react@19.2.4)
      next:
        specifier: 16.2.12
        version: 16.2.12(@babel/core@7.29.7)(@opentelemetry/api@1.9.1)(@playwright/test@1.62.1)(react-dom@19.2.4(react@19.2.4))(react@19.2.4)
      react:
        specifier: 19.2.4
        version: 19.2.4
      react-dom:
        specifier: 19.2.4
        version: 19.2.4(react@19.2.4)
      sharp:
        specifier: latest
        version: 0.35.3(@types/node@20.19.43)
      zod:
        specifier: latest
        version: 4.4.3
    devDependencies:
      '@biomejs/biome':
        specifier: latest
        version: 2.5.6
      '@playwright/test':
        specifier: latest
        version: 1.62.1
      '@tailwindcss/postcss':
        specifier: ^4
        version: 4.3.3
      '@types/node':
        specifier: ^20
        version: 20.19.43
      '@types/react':
        specifier: ^19
        version: 19.2.18
      '@types/react-dom':
        specifier: ^19
        version: 19.2.4(@types/react@19.2.18)
      react-doctor:
        specifier: latest
        version: 0.9.3(@opentelemetry/core@2.10.0(@opentelemetry/api@1.9.1))(@types/react@19.2.18)(eslint@10.8.0(jiti@2.7.0))
      react-grab:
        specifier: latest
        version: 0.1.50(react@19.2.4)
      react-scan:
        specifier: latest
        version: 0.5.7(@opentelemetry/core@2.10.0(@opentelemetry/api@1.9.1))(@types/react@19.2.18)(eslint@10.8.0(jiti@2.7.0))(react-dom@19.2.4(react@19.2.4))(react@19.2.4)(rolldown@1.2.1)(vite@8.2.0(@types/node@20.19.43)(jiti@2.7.0)(yaml@2.9.0))
      tailwindcss:
        specifier: ^4
        version: 4.3.3
      typescript:
        specifier: ^5
        version: 5.9.3
      vitest:
        specifier: latest
        version: 4.1.10(@opentelemetry/api@1.9.1)(@types/node@20.19.43)(vite@8.2.0(@types/node@20.19.43)(jiti@2.7.0)(yaml@2.9.0))

packages:

  '@alcalzone/ansi-tokenize@0.3.0':
    resolution: {integrity: sha512-p+CMKJ93HFmLkjXKlXiVGlMQEuRb6H0MokBSwUsX+S6BRX8eV5naFZpQJFfJHjRZY0Hmnqy1/r6UWl3x+19zYA==}
    engines: {node: '>=18'}

  '@alloc/quick-lru@5.2.0':
    resolution: {integrity: sha512-UrcABB+4bUrFABwbluTIBErXwvbsU/V7TZWfmbgJfbkwiBuziS9gxdODUyuiecfdGQ85jglMW6juS3+z5TsKLw==}
    engines: {node: '>=10'}

  '@apm-js-collab/code-transformer-bundler-plugins@0.7.3':
    resolution: {integrity: sha512-qNbPwuMZ8f5ZuGj/ttPeB7a6C/S1bB6tNYaEL5vNiRKydSAxa4AU0gxCWgaP4fVju+AuwhcumSFjrEcGF9Dv7Q==}
    engines: {node: '>=18.0.0'}

  '@apm-js-collab/code-transformer@0.18.1':
    resolution: {integrity: sha512-u1Hb6bHjWtkSpiprwVP6YaHC1DTN4RAU3zYkUDUe7WMnJwdyU1pwTL9dFKiSJB9IiLue/EQovmyx6xhU7FFtAQ==}
    hasBin: true

  '@apm-js-collab/tracing-hooks@0.13.0':
    resolution: {integrity: sha512-mTvWz9rnQwx1U3h0XPTHaX7bgfkpipLLTQyjlC2cdhQpQEuoLT0AGzoydeoq2NxfEVv6fWOOETcSbb2nptleyw==}

  '@astrojs/compiler@4.0.0':
    resolution: {integrity: sha512-eouss7G8ygdZqHuke033VMcVw5HTZUu+PXd/h06DGDUg/jt5btPYPqh66ENWw/mU78rBrf/oeC4oqoBwMtDMNA==}

  '@babel/code-frame@7.29.7':
    resolution: {integrity: sha512-Aup7aUOfpbAUg2ROOJN6Iw5f9DMBlzu0mIkm/malLQFN/YQgO48wCj0Kxa3sEHJvPVFg7siR+qRInwXd2qhQKw==}
    engines: {node: '>=6.9.0'}

  '@babel/compat-data@7.29.7':
    resolution: {integrity: sha512-locTkQyKvwIEgBzVrn8693ebc97F2U8ZHjbXwDXJ5Fn2TCpNwTlKcaKLkdHop5c/icOFE7qt7Q9JC5hnKNa6Gg==}
    engines: {node: '>=6.9.0'}

  '@babel/core@7.29.7':
    resolution: {integrity: sha512-RgHBCvtjbOK2gXSNBNIkNoEc9qoVEtau3hj8gEqKQuL3HZAibKarWFEI3Lfm6EYKkLalOh8eSrj9b+ch9H/VBA==}
    engines: {node: '>=6.9.0'}

  '@babel/generator@7.29.8':
    resolution: {integrity: sha512-gZbepsdh3WDtgZKWL+vTPh71LSBrm/Y4/QDZBVCcYfmeTEEuoOYwlSy+G1StfJg+/Zy550u/3TATbm7qDbbMtg==}
    engines: {node: '>=6.9.0'}

  '@babel/helper-compilation-targets@7.29.7':
    resolution: {integrity: sha512-wem6WaBj4NaVYVdNhLPPVacES6ZJ+KBBfSkTMD3YZxbP3rm3Di85tJU5ljaUNhaOynt+Aj0xruhYuzQBt8n71g==}
    engines: {node: '>=6.9.0'}

  '@babel/helper-globals@7.29.7':
    resolution: {integrity: sha512-3nQVUAtvkKH9zahfWgw96Jc/uFOmjACE1kQz82E2lqWmHBgjzbNlsC22nuQTfahmWeQtTq5nQ/4Nnd2A1wj4zA==}
    engines: {node: '>=6.9.0'}

  '@babel/helper-module-imports@7.29.7':
    resolution: {integrity: sha512-ejHwrQQYcm9xnTivShn2IDOlIzInN34AXskvq9QicvCtEzq1Vzclu/tKF8Jq1Cg8JG2GL6/EmjgsCT7lXepE3g==}
    engines: {node: '>=6.9.0'}

  '@babel/helper-module-transforms@7.29.7':
    resolution: {integrity: sha512-UPUVSyXbOh627KiCIGQSgwWzGeBKLkaJ9PJEdrngIwMSzxLR4jS4+f1f1jb7VzBbg8nFLaYotvVPFCTqdrmTAg==}
    engines: {node: '>=6.9.0'}
    peerDependencies:
      '@babel/core': ^7.0.0

  '@babel/helper-string-parser@7.29.7':
    resolution: {integrity: sha512-Pb5ijPrZ89GDH8223L4UP8i6QApWxs04RbPQJTeWDV0/keR2E36MeKnyr6LYmUUvqRRI+Iv87SuF1W6ErINzYw==}
    engines: {node: '>=6.9.0'}

  '@babel/helper-validator-identifier@7.29.7':
    resolution: {integrity: sha512-qehxGkRj55h/ff8EMaJ+cYhyaKlHIxqYDn682wQD7RNp9UujOQsHog2uS0r2vzr4pW+sXf90NeeayjcNaX3fFg==}
    engines: {node: '>=6.9.0'}

  '@babel/helper-validator-option@7.29.7':
    resolution: {integrity: sha512-N9ZErrD+yW5geCDtBqnOoxmR8+tNKiGuxKlDpuJxfsqpa2dFcexaziGAE/qoHLiDDreVNMupxGmSoNlyvsA3gw==}
    engines: {node: '>=6.9.0'}

  '@babel/helpers@7.29.7':
    resolution: {integrity: sha512-1k2lAGRMfHTcwuNYcCNUmaUffmQv8KWMfh2iJUUeRlwlwH4FdNG7mfPI10NPfLHJFThE4Tyr4mv7kTNZOiPuBg==}
    engines: {node: '>=6.9.0'}

  '@babel/parser@7.29.8':
    resolution: {integrity: sha512-E8lTAYNB1KW+FH+VGJuZM1ioAx2E6oVlvQFRrf5P8ZZmsiJXYAD9vTFV7yyEURNzgh1dFqMZuO6tUwcARbqFCA==}
    engines: {node: '>=6.0.0'}
    hasBin: true

  '@babel/template@7.29.7':
    resolution: {integrity: sha512-puq+Gf35oI24FeN11LkoUQFqv9uwNeWpxXZi/Ji3rRIoKAzKnxRaZ+Gkj0vKS9ZCiTESfng1N9LyOyXvo+m+Gg==}
    engines: {node: '>=6.9.0'}

  '@babel/traverse@7.29.8':
    resolution: {integrity: sha512-I5z7H3bf/41ktsNVLtpN0wAa336HkqIHQ5BuPLEhTkt1jVSyZpeNKIzTgEWmlxjdg81R0IgUCcaE+Ok3NvrfZg==}
    engines: {node: '>=6.9.0'}

  '@babel/types@7.29.8':
    resolution: {integrity: sha512-Vj1jF3cPfxg7OAfoI7QnVKLoILlm2JF9pnVHrX8qx7AHMiYWT+NDAA7jChlNgRS4WTLc/fD1lXLmPixluj+3Gg==}
    engines: {node: '>=6.9.0'}

  '@biomejs/biome@2.5.6':
    resolution: {integrity: sha512-lxVNjv7UF6KfhMJfL9gaUHbWdJdHbsAj6OSmwSYNdhRuG67NxNQ4Xdvh3TUxsSK9sBzJBQhEJj3AopmmNJ5pSA==}
    engines: {node: '>=14.21.3'}
    hasBin: true

  '@biomejs/cli-darwin-arm64@2.5.6':
    resolution: {integrity: sha512-zMOLZP4oMrjh6m1zcSj1ud2awUPgTuMVbmQhYYWL7J8HwCnbHHBvTm7VBTRuY7epT5bez76IpKYQ11ZAqHFlnw==}
    engines: {node: '>=14.21.3'}
    cpu: [arm64]
    os: [darwin]

  '@biomejs/cli-darwin-x64@2.5.6':
    resolution: {integrity: sha512-JAC1VqzvO7Th5ZplU0G2uGfkZbxEe9uDDektPAhF0JLusoz1w+T4okp2bkykI0bbaO2vslKiRfj4gU43JaGreA==}
    engines: {node: '>=14.21.3'}
    cpu: [x64]
    os: [darwin]

  '@biomejs/cli-linux-arm64-musl@2.5.6':
    resolution: {integrity: sha512-eUa3jeeYvfMt19LBeh6E5PUZpxnTC4JqNWo+EDjTtQjAr2xLGnWaxACtVU1DQqmHYbvThlJzLX+ZsYgrqh2qVw==}
    engines: {node: '>=14.21.3'}
    cpu: [arm64]
    os: [linux]
    libc: [musl]

  '@biomejs/cli-linux-arm64@2.5.6':
    resolution: {integrity: sha512-6XsYwCFkp5sMxl85ffhgeGpGgs6A7dRYFnkceZ7WVxvycuTnGdD5xa534Z3xfrBQ0JCMK/mujT6ZNPJoghedwg==}
    engines: {node: '>=14.21.3'}
    cpu: [arm64]
    os: [linux]
    libc: [glibc]

  '@biomejs/cli-linux-x64-musl@2.5.6':
    resolution: {integrity: sha512-2Vp13QdKysH3HIWLaYLhUUwbK+jbZonJD1K+Lr0d0RO4wH7mkYd43vJixEDm8cUWrowoRz4UUHF1nm9Ae7ym8A==}
    engines: {node: '>=14.21.3'}
    cpu: [x64]
    os: [linux]
    libc: [musl]

  '@biomejs/cli-linux-x64@2.5.6':
    resolution: {integrity: sha512-Pop9VXCFUhFTMfFefZ39S+u2rOPyNp5iHlxbZRwXGACHLy2r0jjiRgJHmaEKJzL3SyxlVeGShXhvvElvWowonA==}
    engines: {node: '>=14.21.3'}
    cpu: [x64]
    os: [linux]
    libc: [glibc]

  '@biomejs/cli-win32-arm64@2.5.6':
    resolution: {integrity: sha512-tDGshcm6BdkZOCGnTDX0Y8/U4IfBSlnUU7T56nNDuPEfed+aHg+u8G36NB43fJVl0Os6+QURXIE1yuD7AaEofA==}
    engines: {node: '>=14.21.3'}
    cpu: [arm64]
    os: [win32]

  '@biomejs/cli-win32-x64@2.5.6':
    resolution: {integrity: sha512-WN05KwXnTO/2J45RQPvzZMXf7tZUIofHoR35xIPfCo7pQ2RFidxI8sfb5mGsaTxdMmEOzHzOPRCdA5/fCpc7xQ==}
    engines: {node: '>=14.21.3'}
    cpu: [x64]
    os: [win32]

  '@emnapi/core@1.11.2':
    resolution: {integrity: sha512-TC8MkTuZUtcTSiFeuC0ksCh9QIJ5+F21MvZ4Wn4ORfYaFJ/0dsiudv5tVkejgwZlwQ39jL9WWDe2lz8x0WglOA==}

  '@emnapi/core@2.0.0-alpha.3':
    resolution: {integrity: sha512-AZypUeJ/yByuxyS7BlSNRDOMLMlROYtjYdIAuBmJssVz1UJDSeYxLrdizhXCFYhedC5bqd/ASy8EuNXbVVXp9g==}

  '@emnapi/runtime@1.11.2':
    resolution: {integrity: sha512-kyOl3X0DuTiT1h2ft8r2fYO8JYtU9a9Xis/zBSiGArNaagCOWx90N1k2wxp18czFDH+OgcWGb5ZP/XMt3dcyPA==}

  '@emnapi/runtime@1.11.3':
    resolution: {integrity: sha512-Xz4Tpyki7XyrpbUK1jR1AhdAdaXyhhY4lZ3neLodmhpuWfy2PAQN5B46sAiU4liOXGLkHypn/qU+jvfWSCYYLA==}

  '@emnapi/runtime@2.0.0-alpha.3':
    resolution: {integrity: sha512-hFPAhMUjJD9BSyCANEISPOogeXC9Zo9ZQl7L6vKnaVsMkCtzznaW/naYypeyl0Gv5rYfWYsZbpixTMpjDJzQeA==}

  '@emnapi/wasi-threads@1.2.2':
    resolution: {integrity: sha512-c95qOXkHdydNKhscBTebqEC1CVAZpyqOfVfBzQ1qgzyl3gfeldUjIggDbIZgDKsHLgnsM+igH7TJ/eAasaVuMA==}

  '@emnapi/wasi-threads@2.0.1':
    resolution: {integrity: sha512-9DsSk+o5NBX0CCJT8s0EROGSGxjR/tKu6aBTaVyq+SjAEQH4XcdcRxPBRzsBLizTTJ49MJjF+jgu3qnO9GLQcQ==}

  '@eslint-community/eslint-utils@4.10.1':
    resolution: {integrity: sha512-cuadcxVFE8sDK6iWJbs8Sn0av2Nrh2QSGQhVlBW9AaAHqHwjWsZHT8LJ4hFGPh7ASBV2deFdM7H/DPjulmh8rg==}
    engines: {node: ^12.22.0 || ^14.17.0 || >=16.0.0}
    peerDependencies:
      eslint: ^6.0.0 || ^7.0.0 || >=8.0.0

  '@eslint-community/regexpp@4.12.2':
    resolution: {integrity: sha512-EriSTlt5OC9/7SXkRSCAhfSxxoSUgBm33OH+IkwbdpgoqsSsUg7y3uh+IICI/Qg4BBWr3U2i39RpmycbxMq4ew==}
    engines: {node: ^12.0.0 || ^14.0.0 || >=16.0.0}

  '@eslint/config-array@0.23.5':
    resolution: {integrity: sha512-Y3kKLvC1dvTOT+oGlqNQ1XLqK6D1HU2YXPc52NmAlJZbMMWDzGYXMiPRJ8TYD39muD/OTjlZmNJ4ib7dvSrMBA==}
    engines: {node: ^20.19.0 || ^22.13.0 || >=24}

  '@eslint/config-helpers@0.7.0':
    resolution: {integrity: sha512-DObd/KKUsU+FaFv4PLxSRenpXfQWmPXXP3pPZ6/K1PCrMu2vQpMDMuQe/BqYeoLcz8ro0bVDF1RxOJgfVEdhUw==}
    engines: {node: ^20.19.0 || ^22.13.0 || >=24}

  '@eslint/core@1.2.1':
    resolution: {integrity: sha512-MwcE1P+AZ4C6DWlpin/OmOA54mmIZ/+xZuJiQd4SyB29oAJjN30UW9wkKNptW2ctp4cEsvhlLY/CsQ1uoHDloQ==}
    engines: {node: ^20.19.0 || ^22.13.0 || >=24}

  '@eslint/object-schema@3.0.5':
    resolution: {integrity: sha512-vqTaUEgxzm+YDSdElad6PiRoX4t8VGDjCtt05zn4nU810UIx/uNEV7/lZJ6KwFThKZOzOxzXy48da+No7HZaMw==}
    engines: {node: ^20.19.0 || ^22.13.0 || >=24}

  '@eslint/plugin-kit@0.7.2':
    resolution: {integrity: sha512-+CNAzxglkrpNf/kKywqQfk74QjtceuOE7Qm+AF8miRvPF/wmmK5+OJOgVh3AVTT3RP2mH3+FOaxlE5v72owk0A==}
    engines: {node: ^20.19.0 || ^22.13.0 || >=24}

  '@humanfs/core@0.19.2':
    resolution: {integrity: sha512-UhXNm+CFMWcbChXywFwkmhqjs3PRCmcSa/hfBgLIb7oQ5HNb1wS0icWsGtSAUNgefHeI+eBrA8I1fxmbHsGdvA==}
    engines: {node: '>=18.18.0'}

  '@humanfs/node@0.16.8':
    resolution: {integrity: sha512-gE1eQNZ3R++kTzFUpdGlpmy8kDZD/MLyHqDwqjkVQI0JMdI1D51sy1H958PNXYkM2rAac7e5/CnIKZrHtPh3BQ==}
    engines: {node: '>=18.18.0'}

  '@humanfs/types@0.15.0':
    resolution: {integrity: sha512-ZZ1w0aoQkwuUuC7Yf+7sdeaNfqQiiLcSRbfI08oAxqLtpXQr9AIVX7Ay7HLDuiLYAaFPu8oBYNq/QIi9URHJ3Q==}
    engines: {node: '>=18.18.0'}

  '@humanwhocodes/module-importer@1.0.1':
    resolution: {integrity: sha512-bxveV4V8v5Yb4ncFTT3rPSgZBOpCkjfK0y4oVVVJwIuDVBRMDXrPyXRL988i5ap9m9bnyEEjWfm5WkBmtffLfA==}
    engines: {node: '>=12.22'}

  '@humanwhocodes/retry@0.4.3':
    resolution: {integrity: sha512-bV0Tgo9K4hfPCek+aMAn81RppFKv2ySDQeMoSZuvTASywNTnVJCArCZE2FWqpvIatKu7VMRLWlR1EazvVhDyhQ==}
    engines: {node: '>=18.18'}

  '@iarna/toml@2.2.5':
    resolution: {integrity: sha512-trnsAYxU3xnS1gPHPyU961coFyLkh4gAD/0zQ5mymY4yOZ+CYvsPqUbOFSw0aDM4y0tV7tiFxL/1XfXPNC6IPg==}

  '@img/colour@1.1.0':
    resolution: {integrity: sha512-Td76q7j57o/tLVdgS746cYARfSyxk8iEfRxewL9h4OMzYhbW4TAcppl0mT4eyqXddh6L/jwoM75mo7ixa/pCeQ==}
    engines: {node: '>=18'}

  '@img/sharp-darwin-arm64@0.34.5':
    resolution: {integrity: sha512-imtQ3WMJXbMY4fxb/Ndp6HBTNVtWCUI0WdobyheGf5+ad6xX8VIDO8u2xE4qc/fr08CKG/7dDseFtn6M6g/r3w==}
    engines: {node: ^18.17.0 || ^20.3.0 || >=21.0.0}
    cpu: [arm64]
    os: [darwin]

  '@img/sharp-darwin-arm64@0.35.3':
    resolution: {integrity: sha512-RMnFX7YQsMoh7lWfcM4NEHHymBX/rLuKNPVM84XE9ONPcaSCDgE7CHIHpSgPcO2xcRthgBy1HfNO319mwhIAkg==}
    engines: {node: '>=20.9.0'}
    cpu: [arm64]
    os: [darwin]

  '@img/sharp-darwin-x64@0.34.5':
    resolution: {integrity: sha512-YNEFAF/4KQ/PeW0N+r+aVVsoIY0/qxxikF2SWdp+NRkmMB7y9LBZAVqQ4yhGCm/H3H270OSykqmQMKLBhBJDEw==}
    engines: {node: ^18.17.0 || ^20.3.0 || >=21.0.0}
    cpu: [x64]
    os: [darwin]

  '@img/sharp-darwin-x64@0.35.3':
    resolution: {integrity: sha512-Xo+5uFBtLN0BKqieTxiFzFPQAUlBbbH5iBKyRX/z1JrbnYsHTfKJnUfL8+p2TPXr1pXqao4eeL4Rl144uDpK9w==}
    engines: {node: '>=20.9.0'}
    cpu: [x64]
    os: [darwin]

  '@img/sharp-freebsd-wasm32@0.35.3':
    resolution: {integrity: sha512-lUxcqWIj2wMQ9BrwNjngcr1gWUr5xgaGThBRqPPalIC2n67Cqj1uPh8NnA/ZhAg8hUbKl+kVHKwgUIwe6ZYPrg==}
    engines: {node: '>=20.9.0'}
    os: [freebsd]

  '@img/sharp-libvips-darwin-arm64@1.2.4':
    resolution: {integrity: sha512-zqjjo7RatFfFoP0MkQ51jfuFZBnVE2pRiaydKJ1G/rHZvnsrHAOcQALIi9sA5co5xenQdTugCvtb1cuf78Vf4g==}
    cpu: [arm64]
    os: [darwin]

  '@img/sharp-libvips-darwin-arm64@1.3.2':
    resolution: {integrity: sha512-9J6ypZFpQBj4YnePGoq/S38w6nz+vqg5WZLrLGY4YuSemdMq47GMLBPO42MzwdGwpg/agZ7xzZcFHa48xlywfg==}
    cpu: [arm64]
    os: [darwin]

  '@img/sharp-libvips-darwin-x64@1.2.4':
    resolution: {integrity: sha512-1IOd5xfVhlGwX+zXv2N93k0yMONvUlANylbJw1eTah8K/Jtpi15KC+WSiaX/nBmbm2HxRM1gZ0nSdjSsrZbGKg==}
    cpu: [x64]
    os: [darwin]

  '@img/sharp-libvips-darwin-x64@1.3.2':
    resolution: {integrity: sha512-m2pW1n6cns9VaubNwsZ+c3CRYjxNQWgJ5gPlnL1nbBcpkBvFm6SCFN5o0psFHI8w9n11NKhFkeEDns98tiqbEw==}
    cpu: [x64]
    os: [darwin]

  '@img/sharp-libvips-linux-arm64@1.2.4':
    resolution: {integrity: sha512-excjX8DfsIcJ10x1Kzr4RcWe1edC9PquDRRPx3YVCvQv+U5p7Yin2s32ftzikXojb1PIFc/9Mt28/y+iRklkrw==}
    cpu: [arm64]
    os: [linux]
    libc: [glibc]

  '@img/sharp-libvips-linux-arm64@1.3.2':
    resolution: {integrity: sha512-dqVSFynCox4C/J8kT16V7SIFAns0IjgLwkvYT7p8LQVmJ5OS5b6tI9IGflxTeuBS//zXeFIUbwt5dwxyZ17cnA==}
    cpu: [arm64]
    os: [linux]
    libc: [glibc]

  '@img/sharp-libxï¶¶‰žËkºwµçB’†W6Æ–çDã‚ã†¦—F”"ãrã’“ ¢FWVæFVæ6–W3 ¢t7G&ö§2ö6ö×–ÆW"s¢Bãã ¢t&&VÂö6öFRÖg&ÖRs¢rã#’ãp¢t6VçG'’öæöFRs¢ãc’ã„÷VçFVÆVÖWG'’ö6÷&T"ãã„÷VçFVÆVÖWG'’ö”ã’ã’¢vVçBÖ–ç7FÆÃ¢ããP¢6öæc¢Rãã ¢6öæf&÷ƒ¢ã"ã@¢FW6Æ÷Ö§3¢ã’ã0¢W6Æ–çB×ÇVv–â×&V7BÖ†öö·3¢rãã†W6Æ–çDã‚ã†¦—F”"ãrã’¢f–wW&W3¢bãã ¢–æ³¢rãã„G—W2÷&V7D’ã"ã‚’‡&V7D’ã"ãR¢–æ²×7–ææW#¢Rãã†–æ´rãã„G—W2÷&V7D’ã"ã‚’‡&V7D’ã"ãR’’‡&V7D’ã"ãR¢¦—F“¢"ãrã ¢Öv–67C¢ãRã@¢÷†2×&W6öÇfW#¢ã#Bã ¢÷†Æ–çC¢ãsbã ¢÷†Æ–çB×ÇVv–â×&V7BÖFö7F÷#¢ã’ã0¢&ö×G3¢"ãBã ¢&V7C¢’ã"ãP¢G—W67&—C¢Rã’ã0¢g66öFRÖÆæwVvW6W'fW#¢’ãã¢g66öFRÖÆæwVvW6W'fW"×FW‡FFö7VÖVçC¢ãã ¢g66öFR×W&“¢2ãã ¢–ÖÃ¢"ã’ã ¢G&ç6—F—fUVW$FWVæFVæ6–W3 ¢Òt÷VçFVÆVÖWG'’ö6÷&Rp¢Òt÷VçFVÆVÖWG'’öW‡÷'FW"×G&6RÖ÷FÇÖ‡GGp¢ÒtG—W2÷&V7Bp¢Ò'VffW'WF–À¢ÒW6Æ–ç@¢Ò÷†Æ–çB×G6vöÆ–ç@¢Ò&V7BÖFWgFööÇ2Ö6÷&P¢Ò7W÷'G2Ö6öÆ÷ ¢ÒWFbÓ‚×fÆ–FFP¢Òf—FR×ÇW0 ¢&V7BÖFöÔ’ã"ãB‡&V7D’ã"ãB“ ¢FWVæFVæ6–W3 ¢&V7C¢’ã"ã@¢66†VGVÆW#¢ã#rã  ¢&V7BÖw&$ããS‡&V7D’ã"ãB“ ¢FWVæFVæ6–W3 ¢t&V7BÖw&"ö6Æ’s¢ããS ¢&—“¢ãbã‡&V7D’ã"ãB¢÷F–öæÄFWVæFVæ6–W3 ¢&V7C¢’ã"ã@ ¢&V7B×&V6öæ6–ÆW$ã32ã‡&V7D’ã"ãR“ ¢FWVæFVæ6–W3 ¢&V7C¢’ã"ãP¢66†VGVÆW#¢ã#rã  ¢&V7B×66äãRãr„÷VçFVÆVÖWG'’ö6÷&T"ãã„÷VçFVÆVÖWG'’ö”ã’ã’’„G—W2÷&V7D’ã"ã‚’†W6Æ–çDã‚ã†¦—F”"ãrã’’‡&V7BÖFöÔ’ã"ãB‡&V7D’ã"ãB’’‡&V7D’ã"ãB’‡&öÆÆF÷väã"ã’‡f—FT‚ã"ã„G—W2öæöFT#ã’ãC2’†¦—F”"ãrã’‡–ÖÄ"ã’ã’“ ¢FWVæFVæ6–W3 ¢t&&VÂö6÷&Rs¢rã#’ãp¢t&&VÂ÷G—W2s¢rã#’ã€¢t&V7B÷6–væÇ2s¢"ãã‡&V7Dã#’ã‚¢t&öÆÇW÷ÇVv–çWF–Ç2s¢RãBã ¢&—“¢ãRãC2‡&V7D’ã"ãB¢6öÖÖæFW#¢Bãã0¢–6ö6öÆ÷'3¢ãã¢&V7C¢ã#’ã€¢&ö×G3¢"ãBã ¢&V7C¢’ã"ã@¢&V7BÖFö7F÷#¢ã’ã2„÷VçFVÆVÖWG'’ö6÷&T"ãã„÷VçFVÆVÖWG'’ö”ã’ã’’„G—W2÷&V7D’ã"ã‚’†W6Æ–çDã‚ã†¦—F”"ãrã’¢&V7BÖFöÓ¢’ã"ãB‡&V7D’ã"ãB¢&V7BÖw&#¢ããS‡&V7D’ã"ãB¢÷F–öæÄFWVæFVæ6–W3 ¢VçÇVv–ã¢2ã2ã‡&öÆÆF÷väã"ã’‡f—FT‚ã"ã„G—W2öæöFT#ã’ãC2’†¦—F”"ãrã’‡–ÖÄ"ã’ã’¢G&ç6—F—fUVW$FWVæFVæ6–W3 ¢Òtf&ÖfRö6÷&Rp¢Òt÷VçFVÆVÖWG'’ö6÷&Rp¢Òt÷VçFVÆVÖWG'’öW‡÷'FW"×G&6RÖ÷FÇÖ‡GGp¢Òt'76²ö6÷&Rp¢ÒtG—W2÷&V7Bp¢Ò'VffW'WF–À¢Ò'Vâ×G—W2ÖæòÖvÆö&Ç0¢ÒW6Æ–ç@¢Ò÷†Æ–çB×G6vöÆ–ç@¢Ò&V7B×&VæFW"×Fò×7G&–æp¢Ò&V7BÖFWgFööÇ2Ö6÷&P¢Ò&öÆÆF÷và¢Ò&öÆÇW ¢Ò7W÷'G2Ö6öÆ÷ ¢ÒVæÆöFW ¢ÒWFbÓ‚×fÆ–FFP¢Òf—FP¢Òf—FR×ÇW0¢ÒvV'6° ¢&V7D’ã"ãC¢·Ð ¢&V7D’ã"ãS¢·Ð ¢&WV—&RÖg&öÒ×7G&–æt"ãã#¢·Ð ¢&WV—&RÖ–â×F†RÖÖ–FFÆT‚ãã ¢FWVæFVæ6–W3 ¢FV'Vs¢BãBã0¢ÖöGVÆRÖFWF–Ç2Ög&öÒ×Fƒ¢ãã@¢G&ç6—F—fUVW$FWVæFVæ6–W3 ¢Ò7W÷'G2Ö6öÆ÷  ¢&W7F÷&RÖ7W'6÷$Bãã ¢FWVæFVæ6–W3 ¢öæWF–ÖS¢Rãã ¢6–væÂÖW†—C¢2ããp ¢&W7F÷&RÖ7W'6÷$Rãã ¢FWVæFVæ6–W3 ¢öæWF–ÖS¢rãã ¢6–væÂÖW†—C¢Bãã  ¢&WW6–g”ãã¢·Ð ¢&öÆÆF÷väã"ã ¢FWVæFVæ6–W3 ¢t÷†2×&ö¦V7B÷G—W2s¢ãC"ã ¢t&öÆÆF÷vâ÷ÇVv–çWF–Ç2s¢ãã¢÷F–öæÄFWVæFVæ6–W3 ¢t&öÆÆF÷vâö&–æF–ærÖæG&ö–BÖ&ÓcBs¢ã"ã¢t&öÆÆF÷vâö&–æF–ærÖF'v–âÖ&ÓcBs¢ã"ã¢t&öÆÆF÷vâö&–æF–ærÖF'v–â×ƒcBs¢ã"ã¢t&öÆÆF÷vâö&–æF–ærÖg&VV'6B×ƒcBs¢ã"ã¢t&öÆÆF÷vâö&–æF–ærÖÆ–çW‚Ö&ÒÖvçVV&–†bs¢ã"ã¢t&öÆÆF÷vâö&–æF–ærÖÆ–çW‚Ö&ÓcBÖvçRs¢ã"ã¢t&öÆÆF÷vâö&–æF–ærÖÆ–çW‚Ö&ÓcBÖ×W6Âs¢ã"ã¢t&öÆÆF÷vâö&–æF–ærÖÆ–çW‚×3cBÖvçRs¢ã"ã¢t&öÆÆF÷vâö&–æF–ærÖÆ–çW‚×33“‚ÖvçRs¢ã"ã¢t&öÆÆF÷vâö&–æF–ærÖÆ–çW‚×ƒcBÖvçRs¢ã"ã¢t&öÆÆF÷vâö&–æF–ærÖÆ–çW‚×ƒcBÖ×W6Âs¢ã"ã¢t&öÆÆF÷vâö&–æF–ærÖ÷Væ†&Ööç’Ö&ÓcBs¢ã"ã¢t&öÆÆF÷vâö&–æF–ær×v6Ó3"×v6’s¢ã"ã¢t&öÆÆF÷vâö&–æF–ær×v–ã3"Ö&ÓcBÖ×7f2s¢ã"ã¢t&öÆÆF÷vâö&–æF–ær×v–ã3"×ƒcBÖ×7f2s¢ã"ã ¢'Vâ×&ÆÆVÄã"ã ¢FWVæFVæ6–W3 ¢VWVRÖÖ–7&÷F6³¢ã"ã0 ¢66†VGVÆW$ã#rã¢·Ð ¢6VÖ–f–W4ãã¢·Ð ¢6V×fW$bã2ã¢·Ð ¢6V×fW$rã‚ãS¢·Ð ¢6†'ã3BãS ¢FWVæFVæ6–W3 ¢t–Örö6öÆ÷W"s¢ãã ¢FWFV7BÖÆ–&3¢"ãã ¢6V×fW#¢rã‚ãP¢÷F–öæÄFWVæFVæ6–W3 ¢t–Ör÷6†'ÖF'v–âÖ&ÓcBs¢ã3BãP¢t–Ör÷6†'ÖF'v–â×ƒcBs¢ã3BãP¢t–Ör÷6†'ÖÆ–'f—2ÖF'v–âÖ&ÓcBs¢ã"ã@¢t–Ör÷6†'ÖÆ–'f—2ÖF'v–â×ƒcBs¢ã"ã@¢t–Ör÷6†'ÖÆ–'f—2ÖÆ–çW‚Ö&Òs¢ã"ã@¢t–Ör÷6†'ÖÆ–'f—2ÖÆ–çW‚Ö&ÓcBs¢ã"ã@¢t–Ör÷6†'ÖÆ–'f—2ÖÆ–çW‚×3cBs¢ã"ã@¢t–Ör÷6†'ÖÆ–'f—2ÖÆ–çW‚×&—67ccBs¢ã"ã@¢t–Ör÷6†'ÖÆ–'f—2ÖÆ–çW‚×33“‚s¢ã"ã@¢t–Ör÷6†'ÖÆ–'f—2ÖÆ–çW‚×ƒcBs¢ã"ã@¢t–Ör÷6†'ÖÆ–'f—2ÖÆ–çW†×W6ÂÖ&ÓcBs¢ã"ã@¢t–Ör÷6†'ÖÆ–'f—2ÖÆ–çW†×W6Â×ƒcBs¢ã"ã@¢t–Ör÷6†'ÖÆ–çW‚Ö&Òs¢ã3BãP¢t–Ör÷6†'ÖÆ–çW‚Ö&ÓcBs¢ã3BãP¢t–Ör÷6†'ÖÆ–çW‚×3cBs¢ã3BãP¢t–Ör÷6†'ÖÆ–çW‚×&—67ccBs¢ã3BãP¢t–Ör÷6†'ÖÆ–çW‚×33“‚s¢ã3BãP¢t–Ör÷6†'ÖÆ–çW‚×ƒcBs¢ã3BãP¢t–Ör÷6†'ÖÆ–çW†×W6ÂÖ&ÓcBs¢ã3BãP¢t–Ör÷6†'ÖÆ–çW†×W6Â×ƒcBs¢ã3BãP¢t–Ör÷6†'×v6Ó3"s¢ã3BãP¢t–Ör÷6†'×v–ã3"Ö&ÓcBs¢ã3BãP¢t–Ör÷6†'×v–ã3"Ö–3"s¢ã3BãP¢t–Ör÷6†'×v–ã3"×ƒcBs¢ã3BãP¢÷F–öæÃ¢G'VP ¢6†'ã3Rã2„G—W2öæöFT#ã’ãC2“ ¢FWVæFVæ6–W3 ¢t–Örö6öÆ÷W"s¢ãã ¢FWFV7BÖÆ–&3¢"ãã ¢6V×fW#¢rã‚ãP¢÷F–öæÄFWVæFVæ6–W3 ¢t–Ör÷6†'ÖF'v–âÖ&ÓcBs¢ã3Rã0¢t–Ör÷6†'ÖF'v–â×ƒcBs¢ã3Rã0¢t–Ör÷6†'Ög&VV'6B×v6Ó3"s¢ã3Rã0¢t–Ör÷6†'ÖÆ–'f—2ÖF'v–âÖ&ÓcBs¢ã2ã ¢t–Ör÷6†'ÖÆ–'f—2ÖF'v–â×ƒcBs¢ã2ã ¢t–Ör÷6†'ÖÆ–'f—2ÖÆ–çW‚Ö&Òs¢ã2ã ¢t–Ör÷6†'ÖÆ–'f—2ÖÆ–çW‚Ö&ÓcBs¢ã2ã ¢t–Ör÷6†'ÖÆ–'f—2ÖÆ–çW‚×3cBs¢ã2ã ¢t–Ör÷6†'ÖÆ–'f—2ÖÆ–çW‚×&—67ccBs¢ã2ã ¢t–Ör÷6†'ÖÆ–'f—2ÖÆ–çW‚×33“‚s¢ã2ã ¢t–Ör÷6†'ÖÆ–'f—2ÖÆ–çW‚×ƒcBs¢ã2ã ¢t–Ör÷6†'ÖÆ–'f—2ÖÆ–çW†×W6ÂÖ&ÓcBs¢ã2ã ¢t–Ör÷6†'ÖÆ–'f—2ÖÆ–çW†×W6Â×ƒcBs¢ã2ã ¢t–Ör÷6†'ÖÆ–çW‚Ö&Òs¢ã3Rã0¢t–Ör÷6†'ÖÆ–çW‚Ö&ÓcBs¢ã3Rã0¢t–Ör÷6†'ÖÆ–çW‚×3cBs¢ã3Rã0¢t–Ör÷6†'ÖÆ–çW‚×&—67ccBs¢ã3Rã0¢t–Ör÷6†'ÖÆ–çW‚×33“‚s¢ã3Rã0¢t–Ör÷6†'ÖÆ–çW‚×ƒcBs¢ã3Rã0¢t–Ör÷6†'ÖÆ–çW†×W6ÂÖ&ÓcBs¢ã3Rã0¢t–Ör÷6†'ÖÆ–çW†×W6Â×ƒcBs¢ã3Rã0¢t–Ör÷6†'×vV&6öçF–æW'2×v6Ó3"s¢ã3Rã0¢t–Ör÷6†'×v–ã3"Ö&ÓcBs¢ã3Rã0¢t–Ör÷6†'×v–ã3"Ö–3"s¢ã3Rã0¢t–Ör÷6†'×v–ã3"×ƒcBs¢ã3Rã0¢tG—W2öæöFRs¢#ã’ãC0 ¢6†V&ærÖ6öÖÖæD"ãã ¢FWVæFVæ6–W3 ¢6†V&ær×&VvWƒ¢2ãã  ¢6†V&ær×&VvW„2ãã¢·Ð ¢6–v–æfô"ãã¢·Ð ¢6–væÂÖW†—D2ããs¢·Ð ¢6–væÂÖW†—DBãã¢·Ð ¢6—7FW&ç6”ããS¢·Ð ¢6Æ–6RÖç6”’ãã ¢FWVæFVæ6–W3 ¢ç6’×7G–ÆW3¢bã"ã0¢—2ÖgVÆÇv–GF‚Ö6öFR×ö–çC¢Rãã  ¢6÷W&6RÖÖÖ§4ã"ã¢·Ð ¢6÷W&6RÖÖãbã¢·Ð ¢7F6²×WF–Ç4"ããc ¢FWVæFVæ6–W3 ¢W66R×7G&–ær×&VvW‡¢"ãã  ¢7F6¶&6´ãã#¢·Ð ¢7FBÖVçdBã"ã¢·Ð ¢7FF–âÖF—66&FW$ã2ã#¢·Ð ¢7G&–ær×v–GF„‚ã"ã# ¢FWVæFVæ6–W3 ¢vWBÖV7BÖ6–â×v–GFƒ¢ãbã ¢7G&—Öç6“¢rã"ã  ¢7G&—Öç6”rã"ã ¢FWVæFVæ6–W3 ¢ç6’×&VvWƒ¢bã"ã  ¢7GV&&÷&âÖg4"ãã ¢FWVæFVæ6–W3 ¢7GV&&÷&â×WF–Ç3¢ãã  ¢7GV&&÷&â×WF–Ç4ãã#¢·Ð ¢7G–ÆVBÖ§7„Rããb„&&VÂö6÷&Trã#’ãr’‡&V7D’ã"ãB“ ¢FWVæFVæ6–W3 ¢6Æ–VçBÖöæÇ“¢ãã¢&V7C¢’ã"ã@¢÷F–öæÄFWVæFVæ6–W3 ¢t&&VÂö6÷&Rs¢rã#’ãp ¢FvvVB×Ftãã¢·Ð ¢F–Çv–æF774Bã2ã3¢·Ð ¢F&ÆT"ã2ã3¢·Ð ¢FW&Ö–æÂ×6—¦TBãã¢·Ð ¢F–ç–&Væ6„"ã’ã¢·Ð ¢F–ç–W†V4ã2ã¢·Ð ¢F–ç–vÆö&'”ã"ãs ¢FWVæFVæ6–W3 ¢fF—#¢bãRã‡–6öÖF6„BããR¢–6öÖF6ƒ¢BããP ¢F–ç—&–æ&÷t2ãã¢·Ð ¢Fò×&VvW‚×&ævTRãã ¢FWVæFVæ6–W3 ¢—2ÖçVÖ&W#¢rãã  ¢G6Æ–$"ã‚ã¢·Ð ¢G—RÖ6†V6´ãBã ¢FWVæFVæ6–W3 ¢&VÇVFRÖÇ3¢ã"ã ¢G—RÖfW7DRã‚ã ¢FWVæFVæ6–W3 ¢FvvVB×Fs¢ãã  ¢G—W67&—DRã’ã3¢·Ð ¢V–çC†'&’ÖW‡G&4ãRã¢·Ð ¢VæF–6’×G—W4bã#ã¢·Ð ¢VçÇVv–ä2ã2ã‡&öÆÆF÷väã"ã’‡f—FT‚ã"ã„G—W2öæöFT#ã’ãC2’†¦—F”"ãrã’‡–ÖÄ"ã’ã’“ ¢FWVæFVæ6–W3 ¢t§&–FvWvVÆÂ÷&VÖ–ærs¢"ã2ãP¢–6öÖF6ƒ¢BããP¢vV'6²×f—'GVÂÖÖöGVÆW3¢ãbã ¢÷F–öæÄFWVæFVæ6–W3 ¢&öÆÆF÷vã¢ã"ã¢f—FS¢‚ã"ã„G—W2öæöFT#ã’ãC2’†¦—F”"ãrã’‡–ÖÄ"ã’ã¢÷F–öæÃ¢G'VP ¢WFFRÖ'&÷w6W'6Æ—7BÖF$ã"ã2†'&÷w6W'6Æ—7DBã#‚ãr“ ¢FWVæFVæ6–W3 ¢'&÷w6W'6Æ—7C¢Bã#‚ãp¢W66ÆFS¢2ã"ã ¢–6ö6öÆ÷'3¢ãã ¢W&’Ö§4BãBã ¢FWVæFVæ6–W3 ¢Vç–6öFS¢"ã2ã ¢f—FT‚ã"ã„G—W2öæöFT#ã’ãC2’†¦—F”"ãrã’‡–ÖÄ"ã’ã“ ¢FWVæFVæ6–W3 ¢Æ–v‡Fæ–æv773¢ã32ã ¢–6öÖF6ƒ¢BããP¢÷7F773¢‚ãRã#P¢&öÆÆF÷vã¢ã"ã¢F–ç–vÆö&'“¢ã"ãp¢÷F–öæÄFWVæFVæ6–W3 ¢tG—W2öæöFRs¢#ã’ãC0¢g6WfVçG3¢"ã2ã0¢¦—F“¢"ãrã ¢–ÖÃ¢"ã’ã  ¢f—FW7DBãã„÷VçFVÆVÖWG'’ö”ã’ã’„G—W2öæöFT#ã’ãC2’‡f—FT‚ã"ã„G—W2öæöFT#ã’ãC2’†¦—F”"ãrã’‡–ÖÄ"ã’ã’“ ¢FWVæFVæ6–W3 ¢tf—FW7BöW‡V7Bs¢Bãã ¢tf—FW7BöÖö6¶W"s¢Bãã‡f—FT‚ã"ã„G—W2öæöFT#ã’ãC2’†¦—F”"ãrã’‡–ÖÄ"ã’ã’¢tf—FW7B÷&WGG’Öf÷&ÖBs¢Bãã ¢tf—FW7B÷'VææW"s¢Bãã ¢tf—FW7B÷6æ6†÷Bs¢Bãã ¢tf—FW7B÷7’s¢Bãã ¢tf—FW7B÷WF–Ç2s¢Bãã ¢W2ÖÖöGVÆRÖÆW†W#¢"ã2ã¢W‡V7B×G—S¢ãBã ¢Öv–2×7G&–æs¢ã3ã#¢ö'Vs¢"ãã@¢F†S¢"ãã0¢–6öÖF6ƒ¢BããP¢7FBÖVçc¢Bã"ã ¢F–ç–&Væ6ƒ¢"ã’ã ¢F–ç–W†V3¢ã2ã ¢F–ç–vÆö&'“¢ã"ãp¢F–ç—&–æ&÷s¢2ãã¢f—FS¢‚ã"ã„G—W2öæöFT#ã’ãC2’†¦—F”"ãrã’‡–ÖÄ"ã’ã¢v‡’Ö—2ÖæöFR×'Vææ–æs¢"ã2ã ¢÷F–öæÄFWVæFVæ6–W3 ¢t÷VçFVÆVÖWG'’ö’s¢ã’ã¢tG—W2öæöFRs¢#ã’ãC0¢G&ç6—F—fUVW$FWVæFVæ6–W3 ¢Ò×7p ¢g66öFRÖ§6öç'4‚ã"ã¢·Ð ¢g66öFRÖÆæwVvW6W'fW"×&÷Fö6öÄ2ãrãS ¢FWVæFVæ6–W3 ¢g66öFRÖ§6öç'3¢‚ã"ã ¢g66öFRÖÆæwVvW6W'fW"×G—W3¢2ãrãP ¢g66öFRÖÆæwVvW6W'fW"×FW‡FFö7VÖVçDãã#¢·Ð ¢g66öFRÖÆæwVvW6W'fW"×G—W42ãrãS¢·Ð ¢g66öFRÖÆæwVvW6W'fW$’ãã ¢FWVæFVæ6–W3 ¢g66öFRÖÆæwVvW6W'fW"×&÷Fö6öÃ¢2ãrãP ¢g66öFR×W&”2ãã¢·Ð ¢vV'6²×f—'GVÂÖÖöGVÆW4ãbã# ¢÷F–öæÃ¢G'VP ¢v†VâÖW†—D"ããS¢·Ð ¢v†–6„"ãã# ¢FWVæFVæ6–W3 ¢—6W†S¢"ãã  ¢v‡’Ö—2ÖæöFR×'Vææ–æt"ã2ã ¢FWVæFVæ6–W3 ¢6–v–æfó¢"ãã ¢7F6¶&6³¢ãã  ¢v–FW7BÖÆ–æTbãã ¢FWVæFVæ6–W3 ¢7G&–ær×v–GFƒ¢‚ã"ã  ¢v÷&B×w&ã"ãS¢·Ð ¢w&Öç6”ãã ¢FWVæFVæ6–W3 ¢ç6’×7G–ÆW3¢bã"ã0¢7G&–ær×v–GFƒ¢‚ã"ã ¢7G&—Öç6“¢rã"ã  ¢w4‚ã#ã¢·Ð ¢–ÆÆ—7D2ãã¢·Ð ¢–ÖÄ"ã’ã¢·Ð ¢–ö7Fò×VWVTãã¢·Ð ¢–ö7Fö6öÆ÷'4"ã"ã¢·Ð ¢–övÖÆ–÷WD2ã"ã¢·Ð ¢¦öB×fÆ–FF–öâÖW'&÷$Bãã"‡¦öDBãBã2“ ¢FWVæFVæ6–W3 ¢¦öC¢BãBã0 ¢¦öDBãBã3¢·Ð